// !$*UTF8*$!
{
	archiveVersion = 1;
	classes = {
	};
	objectVersion = 55;
	objects = {

/* Begin PBXBuildFile section */
		D31E5A5428F8A8E000207A96 /* AppDelegate.swift in Sources */ = {isa = PBXBuildFile; fileRef = D31E5A5328F8A8E000207A96 /* AppDelegate.swift */; };
		D31E5A5628F8A8E000207A96 /* SceneDelegate.swift in Sources */ = {isa = PBXBuildFile; fileRef = D31E5A5528F8A8E000207A96 /* SceneDelegate.swift */; };
		D31E5A5D28F8A8E100207A96 /* Assets.xcassets in Resources */ = {isa = PBXBuildFile; fileRef = D31E5A5C28F8A8E100207A96 /* Assets.xcassets */; };
		D31E5A7728F958F000207A96 /* Coordinator.swift in Sources */ = {isa = PBXBuildFile; fileRef = D31E5A7628F958F000207A96 /* Coordinator.swift */; };
		D31E5A9428FBFB1900207A96 /* HomeView.swift in Sources */ = {isa = PBXBuildFile; fileRef = D31E5A9328FBFB1900207A96 /* HomeView.swift */; };
		D31E5A9628FBFB2500207A96 /* FavoritesView.swift in Sources */ = {isa = PBXBuildFile; fileRef = D31E5A9528FBFB2500207A96 /* FavoritesView.swift */; };
		D31E5A9828FBFB2F00207A96 /* SearchView.swift in Sources */ = {isa = PBXBuildFile; fileRef = D31E5A9728FBFB2F00207A96 /* SearchView.swift */; };
		D31E5A9A28FD354200207A96 /* MainCoordinator.swift in Sources */ = {isa = PBXBuildFile; fileRef = D31E5A9928FD354200207A96 /* MainCoordinator.swift */; };
		D31E5A9C28FD35B200207A96 /* HomeCoordinator.swift in Sources */ = {isa = PBXBuildFile; fileRef = D31E5A9B28FD35B200207A96 /* HomeCoordinator.swift */; };
		D31E5AA428FD5D3F00207A96 /* Colors.swift in Sources */ = {isa = PBXBuildFile; fileRef = D31E5AA328FD5D3F00207A96 /* Colors.swift */; };
		D31E5AA728FD888400207A96 /* ServiceFactory.swift in Sources */ = {isa = PBXBuildFile; fileRef = D31E5AA628FD888400207A96 /* ServiceFactory.swift */; };
		D31E5AAA28FD88E600207A96 /* ShowsServiceProtocol.swift in Sources */ = {isa = PBXBuildFile; fileRef = D31E5AA928FD88E600207A96 /* ShowsServiceProtocol.swift */; };
		D31E5AAC28FD88F300207A96 /* ShowsService.swift in Sources */ = {isa = PBXBuildFile; fileRef = D31E5AAB28FD88F300207A96 /* ShowsService.swift */; };
		D31E5AAE28FD891B00207A96 /* ShowsError.swift in Sources */ = {isa = PBXBuildFile; fileRef = D31E5AAD28FD891B00207A96 /* ShowsError.swift */; };
		D31E5AB028FD893E00207A96 /* ShowsResponse.swift in Sources */ = {isa = PBXBuildFile; fileRef = D31E5AAF28FD893E00207A96 /* ShowsResponse.swift */; };
		D31E5AB328FEA8A000207A96 /* DataService.swift in Sources */ = {isa = PBXBuildFile; fileRef = D31E5AB228FEA8A000207A96 /* DataService.swift */; };
		D31E5AB528FEA8B200207A96 /* DataServiceProtocol.swift in Sources */ = {isa = PBXBuildFile; fileRef = D31E5AB428FEA8B200207A96 /* DataServiceProtocol.swift */; };
		D31E5AB728FEA95100207A96 /* DataServiceError.swift in Sources */ = {isa = PBXBuildFile; fileRef = D31E5AB628FEA95100207A96 /* DataServiceError.swift */; };
		D31E5ABC28FEB65600207A96 /* ShowsView.swift in Sources */ = {isa = PBXBuildFile; fileRef = D31E5ABB28FEB65600207A96 /* ShowsView.swift */; };
		D31E5ABE28FEB65E00207A96 /* ScheduleView.swift in Sources */ = {isa = PBXBuildFile; fileRef = D31E5ABD28FEB65E00207A96 /* ScheduleView.swift */; };
		D31E5AC028FFD72A00207A96 /* SearchCoordinator.swift in Sources */ = {isa = PBXBuildFile; fileRef = D31E5ABF28FFD72A00207A96 /* SearchCoordinator.swift */; };
		D31E5AC228FFD74800207A96 /* FavoritesCoordinator.swift in Sources */ = {isa = PBXBuildFile; fileRef = D31E5AC128FFD74800207A96 /* FavoritesCoordinator.swift */; };
		D31E5AC528FFF91800207A96 /* HomeViewModel.swift in Sources */ = {isa = PBXBuildFile; fileRef = D31E5AC428FFF91800207A96 /* HomeViewModel.swift */; };
		D31E5AC72900853F00207A96 /* SearchViewModel.swift in Sources */ = {isa = PBXBuildFile; fileRef = D31E5AC62900853F00207A96 /* SearchViewModel.swift */; };
		D31E5AC92900854D00207A96 /* FavoritesViewModel.swift in Sources */ = {isa = PBXBuildFile; fileRef = D31E5AC82900854D00207A96 /* FavoritesViewModel.swift */; };
		D31E5ACF290122CC00207A96 /* ShowCardView.swift in Sources */ = {isa = PBXBuildFile; fileRef = D31E5ACE290122CC00207A96 /* ShowCardView.swift */; };
		D331D246290C8D1500DBF3F5 /* SearchShowCardView.swift in Sources */ = {isa = PBXBuildFile; fileRef = D331D245290C8D1500DBF3F5 /* SearchShowCardView.swift */; };
		D331D249290C8D4600DBF3F5 /* SearchError.swift in Sources */ = {isa = PBXBuildFile; fileRef = D331D248290C8D4600DBF3F5 /* SearchError.swift */; };
		D331D24B290C8D5000DBF3F5 /* SearchService.swift in Sources */ = {isa = PBXBuildFile; fileRef = D331D24A290C8D5000DBF3F5 /* SearchService.swift */; };
		D331D24D290C8D6100DBF3F5 /* SearchResponse.swift in Sources */ = {isa = PBXBuildFile; fileRef = D331D24C290C8D6100DBF3F5 /* SearchResponse.swift */; };
		D331D24F290C8D6C00DBF3F5 /* SearchServiceProtocol.swift in Sources */ = {isa = PBXBuildFile; fileRef = D331D24E290C8D6C00DBF3F5 /* SearchServiceProtocol.swift */; };
		D3BE295C29099658002B1D5E /* CastServiceProtocol.swift in Sources */ = {isa = PBXBuildFile; fileRef = D3BE295B29099658002B1D5E /* CastServiceProtocol.swift */; };
		D3BE295E29099664002B1D5E /* CastResponse.swift in Sources */ = {isa = PBXBuildFile; fileRef = D3BE295D29099664002B1D5E /* CastResponse.swift */; };
		D3BE296029099672002B1D5E /* CastError.swift in Sources */ = {isa = PBXBuildFile; fileRef = D3BE295F29099672002B1D5E /* CastError.swift */; };
		D3BE296229099689002B1D5E /* CastService.swift in Sources */ = {isa = PBXBuildFile; fileRef = D3BE296129099689002B1D5E /* CastService.swift */; };
		D3DFD42C2901C86200F81A9F /* ScheduleCardView.swift in Sources */ = {isa = PBXBuildFile; fileRef = D3DFD42B2901C86200F81A9F /* ScheduleCardView.swift */; };
		D3DFD4302901C9D900F81A9F /* ScheduleError.swift in Sources */ = {isa = PBXBuildFile; fileRef = D3DFD42F2901C9D900F81A9F /* ScheduleError.swift */; };
		D3DFD4322901C9E300F81A9F /* ScheduleService.swift in Sources */ = {isa = PBXBuildFile; fileRef = D3DFD4312901C9E300F81A9F /* ScheduleService.swift */; };
		D3DFD4342901C9EB00F81A9F /* ScheduleResponse.swift in Sources */ = {isa = PBXBuildFile; fileRef = D3DFD4332901C9EB00F81A9F /* ScheduleResponse.swift */; };
		D3DFD4362901C9F600F81A9F /* ScheduleServiceProtocol.swift in Sources */ = {isa = PBXBuildFile; fileRef = D3DFD4352901C9F600F81A9F /* ScheduleServiceProtocol.swift */; };
		D3F952002909573D007B8831 /* CastCardView.swift in Sources */ = {isa = PBXBuildFile; fileRef = D3F951FF2909573D007B8831 /* CastCardView.swift */; };
		D3F9520329095787007B8831 /* MovieDetailsView.swift in Sources */ = {isa = PBXBuildFile; fileRef = D3F9520229095787007B8831 /* MovieDetailsView.swift */; };
		D3F95205290958AC007B8831 /* DetailsViewModel.swift in Sources */ = {isa = PBXBuildFile; fileRef = D3F95204290958AC007B8831 /* DetailsViewModel.swift */; };
		D3F9520729095A01007B8831 /* DetailsCoordinator.swift in Sources */ = {isa = PBXBuildFile; fileRef = D3F9520629095A01007B8831 /* DetailsCoordinator.swift */; };
		D3F95209290962B7007B8831 /* DetailsView.swift in Sources */ = {isa = PBXBuildFile; fileRef = D3F95208290962B7007B8831 /* DetailsView.swift */; };
		D3F9520B29096387007B8831 /* ScheduleDetailsView.swift in Sources */ = {isa = PBXBuildFile; fileRef = D3F9520A29096387007B8831 /* ScheduleDetailsView.swift */; };
/* End PBXBuildFile section */

/* Begin PBXFileReference section */
		D31E5A5028F8A8E000207A96 /* movielia.app */ = {isa = PBXFileReference; explicitFileType = wrapper.application; includeInIndex = 0; path = movielia.app; sourceTree = BUILT_PRODUCTS_DIR; };
		D31E5A5328F8A8E000207A96 /* AppDelegate.swift */ = {isa = PBXFileReference; lastKnownFileType = sourcecode.swift; path = AppDelegate.swift; sourceTree = "<group>"; };
		D31E5A5528F8A8E000207A96 /* SceneDelegate.swift */ = {isa = PBXFileReference; lastKnownFileType = sourcecode.swift; path = SceneDelegate.swift; sourceTree = "<group>"; };
		D31E5A5C28F8A8E100207A96 /* Assets.xcassets */ = {isa = PBXFileReference; lastKnownFileType = folder.assetcatalog; path = Assets.xcassets; sourceTree = "<group>"; };
		D31E5A6128F8A8E100207A96 /* Info.plist */ = {isa = PBXFileReference; lastKnownFileType = text.plist.xml; path = Info.plist; sourceTree = "<group>"; };
		D31E5A7628F958F000207A96 /* Coordinator.swift */ = {isa = PBXFileReference; lastKnownFileType = sourcecode.swift; path = Coordinator.swift; sourceTree = "<group>"; };
		D31E5A9328FBFB1900207A96 /* HomeView.swift */ = {isa = PBXFileReference; lastKnownFileType = sourcecode.swift; path = HomeView.swift; sourceTree = "<group>"; };
		D31E5A9528FBFB2500207A96 /* FavoritesView.swift */ = {isa = PBXFileReference; lastKnownFileType = sourcecode.swift; path = FavoritesView.swift; sourceTree = "<group>"; };
		D31E5A9728FBFB2F00207A96 /* SearchView.swift */ = {isa = PBXFileReference; lastKnownFileType = sourcecode.swift; path = SearchView.swift; sourceTree = "<group>"; };
		D31E5A9928FD354200207A96 /* MainCoordinator.swift */ = {isa = PBXFileReference; lastKnownFileType = sourcecode.swift; path = MainCoordinator.swift; sourceTree = "<group>"; };
		D31E5A9B28FD35B200207A96 /* HomeCoordinator.swift */ = {isa = PBXFileReference; lastKnownFileType = sourcecode.swift; path = HomeCoordinator.swift; sourceTree = "<group>"; };
		D31E5AA328FD5D3F00207A96 /* Colors.swift */ = {isa = PBXFileReference; lastKnownFileType = sourcecode.swift; path = Colors.swift; sourceTree = "<group>"; };
		D31E5AA628FD888400207A96 /* ServiceFactory.swift */ = {isa = PBXFileReference; lastKnownFileType = sourcecode.swift; path = ServiceFactory.swift; sourceTree = "<group>"; };
		D31E5AA928FD88E600207A96 /* ShowsServiceProtocol.swift */ = {isa = PBXFileReference; lastKnownFileType = sourcecode.swift; path = ShowsServiceProtocol.swift; sourceTree = "<group>"; };
		D31E5AAB28FD88F300207A96 /* ShowsService.swift */ = {isa = PBXFileReference; lastKnownFileType = sourcecode.swift; path = ShowsService.swift; sourceTree = "<group>"; };
		D31E5AAD28FD891B00207A96 /* ShowsError.swift */ = {isa = PBXFileReference; lastKnownFileType = sourcecode.swift; path = ShowsError.swift; sourceTree = "<group>"; };
		D31E5AAF28FD893E00207A96 /* ShowsResponse.swift */ = {isa = PBXFileReference; lastKnownFileType = sourcecode.swift; path = ShowsResponse.swift; sourceTree = "<group>"; };
		D31E5AB228FEA8A000207A96 /* DataService.swift */ = {isa = PBXFileReference; lastKnownFileType = sourcecode.swift; path = DataService.swift; sourceTree = "<group>"; };
		D31E5AB428FEA8B200207A96 /* DataServiceProtocol.swift */ = {isa = PBXFileReference; lastKnownFileType = sourcecode.swift; path = DataServiceProtocol.swift; sourceTree = "<group>"; };
		D31E5AB628FEA95100207A96 /* DataServiceError.swift */ = {isa = PBXFileReference; lastKnownFileType = sourcecode.swift; path = DataServiceError.swift; sourceTree = "<group>"; };
		D31E5ABB28FEB65600207A96 /* ShowsView.swift */ = {isa = PBXFileReference; lastKnownFileType = sourcecode.swift; path = ShowsView.swift; sourceTree = "<group>"; };
		D31E5ABD28FEB65E00207A96 /* ScheduleView.swift */ = {isa = PBXFileReference; lastKnownFileType = sourcecode.swift; path = ScheduleView.swift; sourceTree = "<group>"; };
		D31E5ABF28FFD72A00207A96 /* SearchCoordinator.swift */ = {isa = PBXFileReference; lastKnownFileType = sourcecode.swift; path = SearchCoordinator.swift; sourceTree = "<group>"; };
		D31E5AC128FFD74800207A96 /* FavoritesCoordinator.swift */ = {isa = PBXFileReference; lastKnownFileType = sourcecode.swift; path = FavoritesCoordinator.swift; sourceTree = "<group>"; };
		D31E5AC428FFF91800207A96 /* HomeViewModel.swift */ = {isa = PBXFileReference; lastKnownFileType = sourcecode.swift; path = HomeViewModel.swift; sourceTree = "<group>"; };
		D31E5AC62900853F00207A96 /* SearchViewModel.swift */ = {isa = PBXFileReference; lastKnownFileType = sourcecode.swift; path = SearchViewModel.swift; sourceTree = "<group>"; };
		D31E5AC82900854D00207A96 /* FavoritesViewModel.swift */ = {isa = PBXFileReference; lastKnownFileType = sourcecode.swift; path = FavoritesViewModel.swift; sourceTree = "<group>"; };
		D31E5ACE290122CC00207A96 /* ShowCardView.swift */ = {isa = PBXFileReference; lastKnownFileType = sourcecode.swift; path = ShowCardView.swift; sourceTree = "<group>"; };
		D331D245290C8D1500DBF3F5 /* SearchShowCardView.swift */ = {isa = PBXFileReference; lastKnownFileType = sourcecode.swift; path = SearchShowCardView.swift; sourceTree = "<group>"; };
		D331D248290C8D4600DBF3F5 /* SearchError.swift */ = {isa = PBXFileReference; lastKnownFileType = sourcecode.swift; path = SearchError.swift; sourceTree = "<group>"; };
		D331D24A290C8D5000DBF3F5 /* SearchService.swift */ = {isa = PBXFileReference; lastKnownFileType = sourcecode.swift; path = SearchService.swift; sourceTree = "<group>"; };
		D331D24C290C8D6100DBF3F5 /* SearchResponse.swift */ = {isa = PBXFileReference; lastKnownFileType = sourcecode.swift; path = SearchResponse.swift; sourceTree = "<group>"; };
		D331D24E290C8D6C00DBF3F5 /* SearchServiceProtocol.swift */ = {isa = PBXFileReference; lastKnownFileType = sourcecode.swift; path = SearchServiceProtocol.swift; sourceTree = "<group>"; };
		D3BE295B29099658002B1D5E /* CastServiceProtocol.swift */ = {isa = PBXFileReference; lastKnownFileType = sourcecode.swift; path = CastServiceProtocol.swift; sourceTree = "<group>"; };
		D3BE295D29099664002B1D5E /* CastResponse.swift */ = {isa = PBXFileReference; lastKnownFileType = sourcecode.swift; path = CastResponse.swift; sourceTree = "<group>"; };
		D3BE295F29099672002B1D5E /* CastError.swift */ = {isa = PBXFileReference; lastKnownFileType = sourcecode.swift; path = CastError.swift; sourceTree = "<group>"; };
		D3BE296129099689002B1D5E /* CastService.swift */ = {isa = PBXFileReference; lastKnownFileType = sourcecode.swift; path = CastService.swift; sourceTree = "<group>"; };
		D3DFD42B2901C86200F81A9F /* ScheduleCardView.swift */ = {isa = PBXFileReference; lastKnownFileType = sourcecode.swift; path = ScheduleCardView.swift; sourceTree = "<group>"; };
		D3DFD42F2901C9D900F81A9F /* ScheduleError.swift */ = {isa = PBXFileReference; lastKnownFileType = sourcecode.swift; path = ScheduleError.swift; sourceTree = "<group>"; };
		D3DFD4312901C9E300F81A9F /* ScheduleService.swift */ = {isa = PBXFileReference; lastKnownFileType = sourcecode.swift; path = ScheduleService.swift; sourceTree = "<group>"; };
		D3DFD4332901C9EB00F81A9F /* ScheduleResponse.swift */ = {isa = PBXFileReference; lastKnownFileType = sourcecode.swift; path = ScheduleResponse.swift; sourceTree = "<group>"; };
		D3DFD4352901C9F600F81A9F /* ScheduleServiceProtocol.swift */ = {isa = PBXFileReference; lastKnownFileType = sourcecode.swift; path = ScheduleServiceProtocol.swift; sourceTree = "<group>"; };
		D3F951FF2909573D007B8831 /* CastCardView.swift */ = {isa = PBXFileReference; lastKnownFileType = sourcecode.swift; path = CastCardView.swift; sourceTree = "<group>"; };
		D3F9520229095787007B8831 /* MovieDetailsView.swift */ = {isa = PBXFileReference; lastKnownFileType = sourcecode.swift; path = MovieDetailsView.swift; sourceTree = "<group>"; };
		D3F95204290958AC007B8831 /* DetailsViewModel.swift */ = {isa = PBXFileReference; lastKnownFileType = sourcecode.swift; path = DetailsViewModel.swift; sourceTree = "<group>"; };
		D3F9520629095A01007B8831 /* DetailsCoordinator.swift */ = {isa = PBXFileReference; lastKnownFileType = sourcecode.swift; path = DetailsCoordinator.swift; sourceTree = "<group>"; };
		D3F95208290962B7007B8831 /* DetailsView.swift */ = {isa = PBXFileReference; lastKnownFileType = sourcecode.swift; path = DetailsView.swift; sourceTree = "<group>"; };
		D3F9520A29096387007B8831 /* ScheduleDetailsView.swift */ = {isa = PBXFileReference; lastKnownFileType = sourcecode.swift; path = ScheduleDetailsView.swift; sourceTree = "<group>"; };
/* End PBXFileReference section */

/* Begin PBXFrameworksBuildPhase section */
		D31E5A4D28F8A8E000207A96 /* Frameworks */ = {
			isa = PBXFrameworksBuildPhase;
			buildActionMask = 2147483647;
			files = (
			);
			runOnlyForDeploymentPostprocessing = 0;
		};
/* End PBXFrameworksBuildPhase section */

/* Begin PBXGroup section */
		D31E5A4728F8A8E000207A96 = {
			isa = PBXGroup;
			children = (
				D31E5A5228F8A8E000207A96 /* movielia */,
				D31E5A5128F8A8E000207A96 /* Products */,
			);
			sourceTree = "<group>";
		};
		D31E5A5128F8A8E000207A96 /* Products */ = {
			isa = PBXGroup;
			children = (
				D31E5A5028F8A8E000207A96 /* movielia.app */,
			);
			name = Products;
			sourceTree = "<group>";
		};
		D31E5A5228F8A8E000207A96 /* movielia */ = {
			isa = PBXGroup;
			children = (
				D31E5A5328F8A8E000207A96 /* AppDelegate.swift */,
				D31E5A5528F8A8E000207A96 /* SceneDelegate.swift */,
				D31E5A5C28F8A8E100207A96 /* Assets.xcassets */,
				D31E5A6128F8A8E100207A96 /* Info.plist */,
				D31E5A6828F8A91400207A96 /* Services */,
				D31E5A6928F8A91A00207A96 /* UI */,
				D31E5A6A28F8A92D00207A96 /* Utils */,
			);
			path = movielia;
			sourceTree = "<group>";
		};
		D31E5A6828F8A91400207A96 /* Services */ = {
			isa = PBXGroup;
			children = (
				D31E5AA628FD888400207A96 /* ServiceFactory.swift */,
				D31E5AB128FD899200207A96 /* Data */,
				D31E5AA528FD881600207A96 /* TVMazeAPI */,
			);
			path = Services;
			sourceTree = "<group>";
		};
		D31E5A6928F8A91A00207A96 /* UI */ = {
			isa = PBXGroup;
			children = (
				D31E5A9928FD354200207A96 /* MainCoordinator.swift */,
				D31E5A7B28FA944C00207A96 /* Home */,
				D31E5A8428FA97A900207A96 /* Search */,
				D31E5A8528FA97B900207A96 /* Favorites */,
				D3F951FD29095717007B8831 /* Details */,
			);
			path = UI;
			sourceTree = "<group>";
		};
		D31E5A6A28F8A92D00207A96 /* Utils */ = {
			isa = PBXGroup;
			children = (
				D31E5A7628F958F000207A96 /* Coordinator.swift */,
				D331D22C290A8E8600DBF3F5 /* Extensions */,
			);
			path = Utils;
			sourceTree = "<group>";
		};
		D31E5A7B28FA944C00207A96 /* Home */ = {
			isa = PBXGroup;
			children = (
				D31E5A9B28FD35B200207A96 /* HomeCoordinator.swift */,
				D31E5AC428FFF91800207A96 /* HomeViewModel.swift */,
				D31E5ABA28FEB62C00207A96 /* View */,
			);
			path = Home;
			sourceTree = "<group>";
		};
		D31E5A8428FA97A900207A96 /* Search */ = {
			isa = PBXGroup;
			children = (
				D331D243290C8CD600DBF3F5 /* View */,
				D31E5ABF28FFD72A00207A96 /* SearchCoordinator.swift */,
				D31E5AC62900853F00207A96 /* SearchViewModel.swift */,
			);
			path = Search;
			sourceTree = "<group>";
		};
		D31E5A8528FA97B900207A96 /* Favorites */ = {
			isa = PBXGroup;
			children = (
				D31E5AC128FFD74800207A96 /* FavoritesCoordinator.swift */,
				D31E5A9528FBFB2500207A96 /* FavoritesView.swift */,
				D31E5AC82900854D00207A96 /* FavoritesViewModel.swift */,
			);
			path = Favorites;
			sourceTree = "<group>";
		};
		D31E5AA528FD881600207A96 /* TVMazeAPI */ = {
			isa = PBXGroup;
			children = (
				D3BE295A29099639002B1D5E /* Cast */,
				D3DFD4292901A17B00F81A9F /* Shows */,
				D331D247290C8D2600DBF3F5 /* Search */,
				D3DFD42A2901A19700F81A9F /* Schedule */,
			);
			path = TVMazeAPI;
			sourceTree = "<group>";
		};
		D31E5AB128FD899200207A96 /* Data */ = {
			isa = PBXGroup;
			children = (
				D31E5AB228FEA8A000207A96 /* DataService.swift */,
				D31E5AB628FEA95100207A96 /* DataServiceError.swift */,
				D31E5AB428FEA8B200207A96 /* DataServiceProtocol.swift */,
			);
			path = Data;
			sourceTree = "<group>";
		};
		D31E5ABA28FEB62C00207A96 /* View */ = {
			isa = PBXGroup;
			children = (
				D31E5A9328FBFB1900207A96 /* HomeView.swift */,
				D31E5AC328FFDB6900207A96 /* Subviews */,
			);
			path = View;
			sourceTree = "<group>";
		};
		D31E5AC328FFDB6900207A96 /* Subviews */ = {
			isa = PBXGroup;
			children = (
				D3DFD42D2901C8A800F81A9F /* Shows */,
				D3DFD42E2901C8DD00F81A9F /* Schedule */,
			);
			path = Subviews;
			sourceTree = "<group>";
		};
		D331D22C290A8E8600DBF3F5 /* Extensions */ = {
			isa = PBXGroup;
			children = (
				D31E5AA328FD5D3F00207A96 /* Colors.swift */,
			);
			path = Extensions;
			sourceTree = "<group>";
		};
		D331D243290C8CD600DBF3F5 /* View */ = {
			isa = PBXGroup;
			children = (
				D31E5A9728FBFB2F00207A96 /* SearchView.swift */,
				D331D244290C8CDC00DBF3F5 /* Subviews */,
			);
			path = View;
			sourceTree = "<group>";
		};
		D331D244290C8CDC00DBF3F5 /* Subviews */ = {
			isa = PBXGroup;
			children = (
				D331D245290C8D1500DBF3F5 /* SearchShowCardView.swift */,
			);
			path = Subviews;
			sourceTree = "<group>";
		};
		D331D247290C8D2600DBF3F5 /* Search */ = {
			isa = PBXGroup;
			children = (
				D331D248290C8D4600DBF3F5 /* SearchError.swift */,
				D331D24A290C8D5000DBF3F5 /* SearchService.swift */,
				D331D24C290C8D6100DBF3F5 /* SearchResponse.swift */,
				D331D24E290C8D6C00DBF3F5 /* SearchServiceProtocol.swift */,
			);
			path = Search;
			sourceTree = "<group>";
		};
		D3BE295A29099639002B1D5E /* Cast */ = {
			isa = PBXGroup;
			children = (
				D3BE295F29099672002B1D5E /* CastError.swift */,
				D3BE296129099689002B1D5E /* CastService.swift */,
				D3BE295D29099664002B1D5E /* CastResponse.swift */,
				D3BE295B29099658002B1D5E /* CastServiceProtocol.swift */,
			);
			path = Cast;
			sourceTree = "<group>";
		};
		D3DFD4292901A17B00F81A9F /* Shows */ = {
			isa = PBXGroup;
			children = (
				D31E5AAD28FD891B00207A96 /* ShowsError.swift */,
				D31E5AAB28FD88F300207A96 /* ShowsService.swift */,
				D31E5AAF28FD893E00207A96 /* ShowsResponse.swift */,
				D31E5AA928FD88E600207A96 /* ShowsServiceProtocol.swift */,
			);
			path = Shows;
			sourceTree = "<group>";
		};
		D3DFD42A2901A19700F81A9F /* Schedule */ = {
			isa = PBXGroup;
			children = (
				D3DFD42F2901C9D900F81A9F /* ScheduleError.swift */,
				D3DFD4312901C9E300F81A9F /* ScheduleService.swift */,
				D3DFD4332901C9EB00F81A9F /* ScheduleResponse.swift */,
				D3DFD4352901C9F600F81A9F /* ScheduleServiceProtocol.swift */,
			);
			path = Schedule;
			sourceTree = "<group>";
		};
		D3DFD42D2901C8A800F81A9F /* Shows */ = {
			isa = PBXGroup;
			children = (
				D31E5ABB28FEB65600207A96 /* ShowsView.swift */,
				D31E5ACE290122CC00207A96 /* ShowCardView.swift */,
			);
			path = Shows;
			sourceTree = "<group>";
		};
		D3DFD42E2901C8DD00F81A9F /* Schedule */ = {
			isa = PBXGroup;
			children = (
				D31E5ABD28FEB65E00207A96 /* ScheduleView.swift */,
				D3DFD42B2901C86200F81A9F /* ScheduleCardView.swift */,
			);
			path = Schedule;
			sourceTree = "<group>";
		};
		D3F951FD29095717007B8831 /* Details */ = {
			isa = PBXGroup;
			children = (
				D3F9520629095A01007B8831 /* DetailsCoordinator.swift */,
				D3F95204290958AC007B8831 /* DetailsViewModel.swift */,
				D3F951FE29095725007B8831 /* View */,
			);
			path = Details;
			sourceTree = "<group>";
		};
		D3F951FE29095725007B8831 /* View */ = {
			isa = PBXGroup;
			children = (
				D3F95208290962B7007B8831 /* DetailsView.swift */,
				D3F9520129095774007B8831 /* Subviews */,
			);
			path = View;
			sourceTree = "<group>";
		};
		D3F9520129095774007B8831 /* Subviews */ = {
			isa = PBXGroup;
			children = (
				D3F9520229095787007B8831 /* MovieDetailsView.swift */,
				D3F9520A29096387007B8831 /* ScheduleDetailsView.swift */,
				D3F951FF2909573D007B8831 /* CastCardView.swift */,
			);
			path = Subviews;
			sourceTree = "<group>";
		};
/* End PBXGroup section */

/* Begin PBXNativeTarget section */
		D31E5A4F28F8A8E000207A96 /* movielia */ = {
			isa = PBXNativeTarget;
			buildConfigurationList = D31E5A6428F8A8E100207A96 /* Build configuration list for PBXNativeTarget "movielia" */;
			buildPhases = (
				D31E5A4C28F8A8E000207A96 /* Sources */,
				D31E5A4D28F8A8E000207A96 /* Frameworks */,
				D31E5A4E28F8A8E000207A96 /* Resources */,
			);
			buildRules = (
			);
			dependencies = (
			);
			name = movielia;
			packageProductDependencies = (
			);
			productName = movielia;
			productReference = D31E5A5028F8A8E000207A96 /* movielia.app */;
			productType = "com.apple.product-type.application";
		};
/* End PBXNativeTarget section */

/* Begin PBXProject section */
		D31E5A4828F8A8E000207A96 /* Project object */ = {
			isa = PBXProject;
			attributes = {
				BuildIndependentTargetsInParallel = 1;
				LastSwiftUpdateCheck = 1340;
				LastUpgradeCheck = 1340;
				TargetAttributes = {
					D31E5A4F28F8A8E000207A96 = {
						CreatedOnToolsVersion = 13.4.1;
					};
				};
			};
			buildConfigurationList = D31E5A4B28F8A8E000207A96 /* Build configuration list for PBXProject "movielia" */;
			compatibilityVersion = "Xcode 13.0";
			developmentRegion = en;
			hasScannedForEncodings = 0;
			knownRegions = (
				en,
				Base,
			);
			mainGroup = D31E5A4728F8A8E000207A96;
			packageReferences = (
			);
			productRefGroup = D31E5A5128F8A8E000207A96 /* Products */;
			projectDirPath = "";
			projectRoot = "";
			targets = (
				D31E5A4F28F8A8E000207A96 /* movielia */,
			);
		};
/* End PBXProject section */

/* Begin PBXResourcesBuildPhase section */
		D31E5A4E28F8A8E000207A96 /* Resources */ = {
			isa = PBXResourcesBuildPhase;
			buildActionMask = 2147483647;
			files = (
				D31E5A5D28F8A8E100207A96 /* Assets.xcassets in Resources */,
			);
			runOnlyForDeploymentPostprocessing = 0;
		};
/* End PBXResourcesBuildPhase section */

/* Begin PBXSourcesBuildPhase section */
		D31E5A4C28F8A8E000207A96 /* Sources */ = {
			isa = PBXSourcesBuildPhase;
			buildActionMask = 2147483647;
			files = (
				D3BE296229099689002B1D5E /* CastService.swift in Sources */,
				D3BE295C29099658002B1D5E /* CastServiceProtocol.swift in Sources */,
				D331D249290C8D4600DBF3F5 /* SearchError.swift in Sources */,
				D331D24B290C8D5000DBF3F5 /* SearchService.swift in Sources */,
				D31E5A9828FBFB2F00207A96 /* SearchView.swift in Sources */,
				D3F9520B29096387007B8831 /* ScheduleDetailsView.swift in Sources */,
				D31E5ABC28FEB65600207A96 /* ShowsView.swift in Sources */,
				D31E5AAA28FD88E600207A96 /* ShowsServiceProtocol.swift in Sources */,
				D3F952002909573D007B8831 /* CastCardView.swift in Sources */,
				D3F9520729095A01007B8831 /* DetailsCoordinator.swift in Sources */,
				D31E5AB028FD893E00207A96 /* ShowsResponse.swift in Sources */,
				D3DFD4342901C9EB00F81A9F /* ScheduleResponse.swift in Sources */,
				D31E5AA428FD5D3F00207A96 /* Colors.swift in Sources */,
				D3F9520329095787007B8831 /* MovieDetailsView.swift in Sources */,
				D31E5AB728FEA95100207A96 /* DataServiceError.swift in Sources */,
				D31E5A7728F958F000207A96 /* Coordinator.swift in Sources */,
				D3F95205290958AC007B8831 /* DetailsViewModel.swift in Sources */,
				D31E5A9C28FD35B200207A96 /* HomeCoordinator.swift in Sources */,
				D31E5ABE28FEB65E00207A96 /* ScheduleView.swift in Sources */,
				D31E5A5428F8A8E000207A96 /* AppDelegate.swift in Sources */,
				D31E5A9428FBFB1900207A96 /* HomeView.swift in Sources */,
				D31E5AAC28FD88F300207A96 /* ShowsService.swift in Sources */,
				D3DFD4322901C9E300F81A9F /* ScheduleService.swift in Sources */,
				D331D246290C8D1500DBF3F5 /* SearchShowCardView.swift in Sources */,
				D31E5AC028FFD72A00207A96 /* SearchCoordinator.swift in Sources */,
				D31E5AA728FD888400207A96 /* ServiceFactory.swift in Sources */,
				D31E5AC72900853F00207A96 /* SearchViewModel.swift in Sources */,
				D3DFD4362901C9F600F81A9F /* ScheduleServiceProtocol.swift in Sources */,
				D331D24F290C8D6C00DBF3F5 /* SearchServiceProtocol.swift in Sources */,
				D331D24D290C8D6100DBF3F5 /* SearchResponse.swift in Sources */,
				D31E5AB528FEA8B200207A96 /* DataServiceProtocol.swift in Sources */,
				D3DFD4302901C9D900F81A9F /* ScheduleError.swift in Sources */,
				D3BE295E29099664002B1D5E /* CastResponse.swift in Sources */,
				D31E5AAE28FD891B00207A96 /* ShowsError.swift in Sources */,
				D31E5AB328FEA8A000207A96 /* DataService.swift in Sources */,
				D3DFD42C2901C86200F81A9F /* ScheduleCardView.swift in Sources */,
				D3BE296029099672002B1D5E /* CastError.swift in Sources */,
				D31E5ACF290122CC00207A96 /* ShowCardView.swift in Sources */,
				D3F95209290962B7007B8831 /* DetailsView.swift in Sources */,
				D31E5AC92900854D00207A96 /* FavoritesViewModel.swift in Sources */,
				D31E5A5628F8A8E000207A96 /* SceneDelegate.swift in Sources */,
				D31E5AC528FFF91800207A96 /* HomeViewModel.swift in Sources */,
				D31E5A9A28FD354200207A96 /* MainCoordinator.swift in Sources */,
				D31E5AC228FFD74800207A96 /* FavoritesCoordinator.swift in Sources */,
				D31E5A9628FBFB2500207A96 /* FavoritesView.swift in Sources */,
			);
			runOnlyForDeploymentPostprocessing = 0;
		};
/* End PBXSourcesBuildPhase section */

/* Begin XCBuildConfiguration section */
		D31E5A6228F8A8E100207A96 /* Debug */ = {
			isa = XCBuildConfiguration;
			buildSettings = {
				ALWAYS_SEARCH_USER_PATHS = NO;
				CLANG_ANALYZER_NONNULL = YES;
				CLANG_ANALYZER_NUMBER_OBJECT_CONVERSION = YES_AGGRESSIVE;
				CLANG_CXX_LANGUAGE_STANDARD = "gnu++17";
				CLANG_ENABLE_MODULES = YES;
				CLANG_ENABLE_OBJC_ARC = YES;
				CLANG_ENABLE_OBJC_WEAK = YES;
				CLANG_WARN_BLOCK_CAPTURE_AUTORELEASING = YES;
				CLANG_WARN_BOOL_CONVERSION = YES;
				CLANG_WARN_COMMA = YES;
				CLANG_WARN_CONSTANT_CONVERSION = YES;
				CLANG_WARN_DEPRECATED_OBJC_IMPLEMENTATIONS = YES;
				CLANG_WARN_DIRECT_OBJC_ISA_USAGE = YES_ERROR;
				CLANG_WARN_DOCUMENTATION_COMMENTS = YES;
				CLANG_WARN_EMPTY_BODY = YES;
				CLANG_WARN_ENUM_CONVERSION = YES;
				CLANG_WARN_INFINITE_RECURSION = YES;
				CLANG_WARN_INT_CONVERSION = YES;
				CLANG_WARN_NON_LITERAL_NULL_CONVERSION = YES;
				CLANG_WARN_OBJC_IMPLICIT_RETAIN_SELF = YES;
				CLANG_WARN_OBJC_LITERAL_CONVERSION = YES;
				CLANG_WARN_OBJC_ROOT_CLASS = YES_ERROR;
				CLANG_WARN_QUOTED_INCLUDE_IN_FRAMEWORK_HEADER = YES;
				CLANG_WARN_RANGE_LOOP_ANALYSIS = YES;
				CLANG_WARN_STRICT_PROTOTYPES = YES;
				CLANG_WARN_SUSPICIOUS_MOVE = YES;
				CLANG_WARN_UNGUARDED_AVAILABILITY = YES_AGGRESSIVE;
				CLANG_WARN_UNREACHABLE_CODE = YES;
				CLANG_WARN__DUPLICATE_METHOD_MATCH = YES;
				COPY_PHASE_STRIP = NO;
				DEBUG_INFORMATION_FORMAT = dwarf;
				ENABLE_STRICT_OBJC_MSGSEND = YES;
				ENABLE_TESTABILITY = YES;
				GCC_C_LANGUAGE_STANDARD = gnu11;
				GCC_DYNAMIC_NO_PIC = NO;
				GCC_NO_COMMON_BLOCKS = YES;
				GCC_OPTIMIZATION_LEVEL = 0;
				GCC_PREPROCESSOR_DEFINITIONS = (
					"DEBUG=1",
					"$(inherited)",
				);
				GCC_WARN_64_TO_32_BIT_CONVERSION = YES;
				GCC_WARN_ABOUT_RETURN_TYPE = YES_ERROR;
				GCC_WARN_UNDECLARED_SELECTOR = YES;
				GCC_WARN_UNINITIALIZED_AUTOS = YES_AGGRESSIVE;
				GCC_WARN_UNUSED_FUNCTION = YES;
				GCC_WARN_UNUSED_VARIABLE = YES;
				IPHONEOS_DEPLOYMENT_TARGET = 16.0;
				MTL_ENABLE_DEBUG_INFO = INCLUDE_SOURCE;
				MTL_FAST_MATH = YES;
				ONLY_ACTIVE_ARCH = YES;
				SDKROOT = iphoneos;
				SWIFT_ACTIVE_COMPILATION_CONDITIONS = DEBUG;
				SWIFT_OPTIMIZATION_LEVEL = "-Onone";
			};
			name = Debug;
		};
		D31E5A6328F8A8E100207A96 /* Release */ = {
			isa = XCBuildConfiguration;
			buildSettings = {
				ALWAYS_SEARCH_USER_PATHS = NO;
				CLANG_ANALYZER_NONNULL = YES;
				CLANG_ANALYZER_NUMBER_OBJECT_CONVERSION = YES_AGGRESSIVE;
				CLANG_CXX_LANGUAGE_STANDARD = "gnu++17";
				CLANG_ENABLE_MODULES = YES;
				CLANG_ENABLE_OBJC_ARC = YES;
				CLANG_ENABLE_OBJC_WEAK = YES;
				CLANG_WARN_BLOCK_CAPTURE_AUTORELEASING = YES;
				CLANG_WARN_BOOL_CONVERSION = YES;
				CLANG_WARN_COMMA = YES;
				CLANG_WARN_CONSTANT_CONVERSION = YES;
				CLANG_WARN_DEPRECATED_OBJC_IMPLEMENTATIONS = YES;
				CLANG_WARN_DIRECT_OBJC_ISA_USAGE = YES_ERROR;
				CLANG_WARN_DOCUMENTATION_COMMENTS = YES;
				CLANG_WARN_EMPTY_BODY = YES;
				CLANG_WARN_ENUM_CONVERSION = YES;
				CLANG_WARN_INFINITE_RECURSION = YES;
				CLANG_WARN_INT_CONVERSION = YES;
				CLANG_WARN_NON_LITERAL_NULL_CONVERSION = YES;
				CLANG_WARN_OBJC_IMPLICIT_RETAIN_SELF = YES;
				CLANG_WARN_OBJC_LITERAL_CONVERSION = YES;
				CLANG_WARN_OBJC_ROOT_CLASS = YES_ERROR;
				CLANG_WARN_QUOTED_INCLUDE_IN_FRAMEWORK_HEADER = YES;
				CLANG_WARN_RANGE_LOOP_ANALYSIS = YES;
				CLANG_WARN_STRICT_PROTOTYPES = YES;
				CLANG_WARN_SUSPICIOUS_MOVE = YES;
				CLANG_WARN_UNGUARDED_AVAILABILITY = YES_AGGRESSIVE;
				CLANG_WARN_UNREACHABLE_CODE = YES;
				CLANG_WARN__DUPLICATE_METHOD_MATCH = YES;
				COPY_PHASE_STRIP = NO;
				DEBUG_INFORMATION_FORMAT = "dwarf-with-dsym";
				ENABLE_NS_ASSERTIONS = NO;
				ENABLE_STRICT_OBJC_MSGSEND = YES;
				GCC_C_LANGUAGE_STANDARD = gnu11;
				GCC_NO_COMMON_BLOCKS = YES;
				GCC_WARN_64_TO_32_BIT_CONVERSION = YES;
				GCC_WARN_ABOUT_RETURN_TYPE = YES_ERROR;
				GCC_WARN_UNDECLARED_SELECTOR = YES;
				GCC_WARN_UNINITIALIZED_AUTOS = YES_AGGRESSIVE;
				GCC_WARN_UNUSED_FUNCTION = YES;
				GCC_WARN_UNUSED_VARIABLE = YES;
				IPHONEOS_DEPLOYMENT_TARGET = 16.0;
				MTL_ENABLE_DEBUG_INFO = NO;
				MTL_FAST_MATH = YES;
				SDKROOT = iphoneos;
				SWIFT_COMPILATION_MODE = wholemodule;
				SWIFT_OPTIMIZATION_LEVEL = "-O";
				VALIDATE_PRODUCT = YES;
			};
			name = Release;
		};
		D31E5A6528F8A8E100207A96 /* Debug */ = {
			isa = XCBuildConfiguration;
			buildSettings = {
				ASSETCATALOG_COMPILER_APPICON_NAME = AppIcon;
				ASSETCATALOG_COMPILER_GLOBAL_ACCENT_COLOR_NAME = AccentColor;
				CODE_SIGN_STYLE = Automatic;
				CURRENT_PROJECT_VERSION = 1;
				DEVELOPMENT_TEAM = 4JZ68K34BA;
				GENERATE_INFOPLIST_FILE = YES;
				INFOPLIST_FILE = movielia/Info.plist;
				INFOPLIST_KEY_UIApplicationSupportsIndirectInputEvents = YES;
				INFOPLIST_KEY_UISupportedInterfaceOrientations_iPad = "UIInterfaceOrientationPortrait UIInterfaceOrientationPortraitUpsideDown UIInterfaceOrientationLandscapeLeft UIInterfaceOrientationLandscapeRight";
				INFOPLIST_KEY_UISupportedInterfaceOrientations_iPhone = "UIInterfaceOrientationPortrait UIInterfaceOrientationLandscapeLeft UIInterfaceOrientationLandscapeRight";
				IPHONEOS_DEPLOYMENT_TARGET = 15.5;
				LD_RUNPATH_SEARCH_PATHS = (
					"$(inherited)",
					"@executable_path/Frameworks",
				);
				MARKETING_VERSION = 1.0;
				PRODUCT_BUNDLE_IDENTIFIER = com.larona.movielia;
				PRODUCT_NAME = "$(TARGET_NAME)";
				SWIFT_EMIT_LOC_STRINGS = YES;
				SWIFT_VERSION = 5.0;
				TARGETED_DEVICE_FAMILY = "1,2";
			};
			name = Debug;
		};
		D31E5A6628F8A8E100207A96 /* Release */ = {
			isa = XCBuildConfiguration;
			buildSettings = {
				ASSETCATALOG_COMPILER_APPICON_NAME = AppIcon;
				ASSETCATALOG_COMPILER_GLOBAL_ACCENT_COLOR_NAME = AccentColor;
				CODE_SIGN_STYLE = Automatic;
				CURRENT_PROJECT_VERSION = 1;
				DEVELOPMENT_TEAM = 4JZ68K34BA;
				GENERATE_INFOPLIST_FILE = YES;
				INFOPLIST_FILE = movielia/Info.plist;
				INFOPLIST_KEY_UIApplicationSupportsIndirectInputEvents = YES;
				INFOPLIST_KEY_UISupportedInterfaceOrientations_iPad = "UIInterfaceOrientationPortrait UIInterfaceOrientationPortraitUpsideDown UIInterfaceOrientationLandscapeLeft UIInterfaceOrientationLandscapeRight";
				INFOPLIST_KEY_UISupportedInterfaceOrientations_iPhone = "UIInterfaceOrientationPortrait UIInterfaceOrientationLandscapeLeft UIInterfaceOrientationLandscapeRight";
				IPHONEOS_DEPLOYMENT_TARGET = 15.5;
				LD_RUNPATH_SEARCH_PATHS = (
					"$(inherited)",
					"@executable_path/Frameworks",
				);
				MARKETING_VERSION = 1.0;
				PRODUCT_BUNDLE_IDENTIFIER = com.larona.movielia;
				PRODUCT_NAME = "$(TARGET_NAME)";
				SWIFT_EMIT_LOC_STRINGS = YES;
				SWIFT_VERSION = 5.0;
				TARGETED_DEVICE_FAMILY = "1,2";
			};
			name = Release;
		};
/* End XCBuildConfiguration section */

/* Begin XCConfigurationList section */
		D31E5A4B28F8A8E000207A96 /* Build configuration list for PBXProject "movielia" */ = {
			isa = XCConfigurationList;
			buildConfigurations = (
				D31E5A6228F8A8E100207A96 /* Debug */,
				D31E5A6328F8A8E100207A96 /* Release */,
			);
			defaultConfigurationIsVisible = 0;
			defaultConfigurationName = Release;
		};
		D31E5A6428F8A8E100207A96 /* Build configuration list for PBXNativeTarget "movielia" */ = {
			isa = XCConfigurationList;
			buildConfigurations = (
				D31E5A6528F8A8E100207A96 /* Debug */,
				D31E5A6628F8A8E100207A96 /* Release */,
			);
			defaultConfigurationIsVisible = 0;
			defaultConfigurationName = Release;
		};
/* End XCConfigurationList section */
	};
	rootObject = D31E5A4828F8A8E000207A96 /* Project object */;
}
